
Microsoft Visual Studio Solution File, Format Version 12.00
# Visual Studio Version 16
VisualStudioVersion = 16.0.31702.278
MinimumVisualStudioVersion = 10.0.40219.1
Project("{9A19103F-16F7-4668-BE54-9A1E7A4F7556}") = "Fan.Abp.Cqrs", "src\Fan.Abp.Cqrs\Fan.Abp.Cqrs.csproj", "{BA872832-B8C1-47F0-BC55-630216FF27ED}"
EndProject
Project("{9A19103F-16F7-4668-BE54-9A1E7A4F7556}") = "Fan.Abp.MediatR", "src\Fan.Abp.MediatR\Fan.Abp.MediatR.csproj", "{775CBEF0-8909-47EC-8CAE-8FE00AD16E3A}"
EndProject
Project("{9A19103F-16F7-4668-BE54-9A1E7A4F7556}") = "Fan.Abp.Cqrs.MediatR", "src\Fan.Abp.Cqrs.MediatR\Fan.Abp.Cqrs.MediatR.csproj", "{74DAF559-C44A-43B4-92A2-7E921B15A0CE}"
EndProject
Project("{9A19103F-16F7-4668-BE54-9A1E7A4F7556}") = "Fan.Abp", "src\Fan.Abp\Fan.Abp.csproj", "{87AA1234-0F4C-4AEE-95AE-42294E39B206}"
EndProject
Project("{9A19103F-16F7-4668-BE54-9A1E7A4F7556}") = "Fan.Abp.Ddd.Application.Cqrs.Contracts", "src\Fan.Abp.Ddd.Application.Cqrs.Contracts\Fan.Abp.Ddd.Application.Cqrs.Contracts.csproj", "{CA495519-0848-4AED-AEB8-A8F8909832F0}"
EndProject
Project("{2150E333-8FDC-42A3-9474-1A3956D46DE8}") = "src", "src", "{2472CFC6-A60D-4C8B-A8F6-89450D56093F}"
EndProject
Project("{2150E333-8FDC-42A3-9474-1A3956D46DE8}") = "test", "test", "{10DD2B7B-9631-4A10-99E8-F8D8A6DAC2E7}"
EndProject
Project("{9A19103F-16F7-4668-BE54-9A1E7A4F7556}") = "Fan.Abp.Ddd.Application.Cqrs", "src\Fan.Abp.Ddd.Application.Cqrs\Fan.Abp.Ddd.Application.Cqrs.csproj", "{8CF02A33-4FEE-4589-B395-D39B84C64278}"
EndProject
Project("{9A19103F-16F7-4668-BE54-9A1E7A4F7556}") = "Fan.Abp.Ddd.Application.Cqrs.Test", "test\Fan.Abp.Ddd.Application.Cqrs.Test\Fan.Abp.Ddd.Application.Cqrs.Test.csproj", "{9E4742FA-41D5-4520-B2BC-930BE8F641A4}"
EndProject
Project("{9A19103F-16F7-4668-BE54-9A1E7A4F7556}") = "FanTestBase", "test\FanTestBase\FanTestBase.csproj", "{6FCDFCA1-451F-4404-B9AF-4DF6D01C154C}"
EndProject
Project("{9A19103F-16F7-4668-BE54-9A1E7A4F7556}") = "Fan.Abp.EventBus.MediatR", "src\Fan.Abp.EventBus.MediatR\Fan.Abp.EventBus.MediatR.csproj", "{8D455AF4-6D57-4ABB-8351-2FB43CDC1857}"
EndProject
Project("{9A19103F-16F7-4668-BE54-9A1E7A4F7556}") = "Fan.Abp.EventBus.MediatR.Test", "test\Fan.Abp.EventBus.MediatR.Test\Fan.Abp.EventBus.MediatR.Test.csproj", "{0BD4F57D-6102-435B-86EF-4838E307BA66}"
EndProject
Project("{9A19103F-16F7-4668-BE54-9A1E7A4F7556}") = "Fan.Abp.Hierarchy", "src\Fan.Abp.Hierarchy\Fan.Abp.Hierarchy.csproj", "{1DBE57DC-69DF-4814-B590-812BA7430A19}"
EndProject
Project("{9A19103F-16F7-4668-BE54-9A1E7A4F7556}") = "Fan.Abp.Cqrs.Command", "src\Fan.Abp.Cqrs.Command\Fan.Abp.Cqrs.Command.csproj", "{B5D05017-99E7-4166-A8B6-E2540F15ACB4}"
EndProject
Project("{FAE04EC0-301F-11D3-BF4B-00C04F79EFBC}") = "Fan.Abp.Ddd.Application.CommandHandler", "src\Fan.Abp.Ddd.Application.CommandHandler\Fan.Abp.Ddd.Application.CommandHandler.csproj", "{41A06895-B425-4628-8793-5DE2E46B9EEE}"
EndProject
Global
	GlobalSection(SolutionConfigurationPlatforms) = preSolution
		Debug|Any CPU = Debug|Any CPU
		Release|Any CPU = Release|Any CPU
	EndGlobalSection
	GlobalSection(ProjectConfigurationPlatforms) = postSolution
		{BA872832-B8C1-47F0-BC55-630216FF27ED}.Debug|Any CPU.ActiveCfg = Debug|Any CPU
		{BA872832-B8C1-47F0-BC55-630216FF27ED}.Debug|Any CPU.Build.0 = Debug|Any CPU
		{BA872832-B8C1-47F0-BC55-630216FF27ED}.Release|Any CPU.ActiveCfg = Release|Any CPU
		{BA872832-B8C1-47F0-BC55-630216FF27ED}.Release|Any CPU.Build.0 = Release|Any CPU
		{775CBEF0-8909-47EC-8CAE-8FE00AD16E3A}.Debug|Any CPU.ActiveCfg = Debug|Any CPU
		{775CBEF0-8909-47EC-8CAE-8FE00AD16E3A}.Debug|Any CPU.Build.0 = Debug|Any CPU
		{775CBEF0-8909-47EC-8CAE-8FE00AD16E3A}.Release|Any CPU.ActiveCfg = Release|Any CPU
		{775CBEF0-8909-47EC-8CAE-8FE00AD16E3A}.Release|Any CPU.Build.0 = Release|Any CPU
		{74DAF559-C44A-43B4-92A2-7E921B15A0CE}.Debug|Any CPU.ActiveCfg = Debug|Any CPU
		{74DAF559-C44A-43B4-92A2-7E921B15A0CE}.Debug|Any CPU.Build.0 = Debug|Any CPU
		{74DAF559-C44A-43B4-92A2-7E921B15A0CE}.Release|Any CPU.ActiveCfg = Release|Any CPU
		{74DAF559-C44A-43B4-92A2-7E921B15A0CE}.Release|Any CPU.Build.0 = Release|Any CPU
		{87AA1234-0F4C-4AEE-95AE-42294E39B206}.Debug|Any CPU.ActiveCfg = Debug|Any CPU
		{87AA1234-0F4C-4AEE-95AE-42294E39B206}.Debug|Any CPU.Build.0 = Debug|Any CPU
		{87AA1234-0F4C-4AEE-95AE-42294E39B206}.Release|Any CPU.ActiveCfg = Release|Any CPU
		{87AA1234-0F4C-4AEE-95AE-42294E39B206}.Release|Any CPU.Build.0 = Release|Any CPU
		{CA495519-0848-4AED-AEB8-A8F8909832F0}.Debug|Any CPU.ActiveCfg = Debug|Any CPU
		{CA495519-0848-4AED-AEB8-A8F8909832F0}.Debug|Any CPU.Build.0 = Debug|Any CPU
		{CA495519-0848-4AED-AEB8-A8F8909832F0}.Release|Any CPU.ActiveCfg = Release|Any CPU
		{CA495519-0848-4AED-AEB8-A8F8909832F0}.Release|Any CPU.Build.0 = Release|Any CPU
		{8CF02A33-4FEE-4589-B395-D39B84C64278}.Debug|Any CPU.ActiveCfg = Debug|Any CPU
		{8CF02A33-4FEE-4589-B395-D39B84C64278}.Debug|Any CPU.Build.0 = Debug|Any CPU
		{8CF02A33-4FEE-4589-B395-D39B84C64278}.Release|Any CPU.ActiveCfg = Release|Any CPU
		{8CF02A33-4FEE-4589-B395-D39B84C64278}.Release|Any CPU.Build.0 = Release|Any CPU
		{9E4742FA-41D5-4520-B2BC-930BE8F641A4}.Debug|Any CPU.ActiveCfg = Debug|Any CPU
		{9E4742FA-41D5-4520-B2BC-930BE8F641A4}.Debug|Any CPU.Build.0 = Debug|Any CPU
		{9E4742FA-41D5-4520-B2BC-930BE8F641A4}.Release|Any CPU.ActiveCfg = Release|Any CPU
		{9E4742FA-41D5-4520-B2BC-930BE8F641A4}.Release|Any CPU.Build.0 = Release|Any CPU
		{6FCDFCA1-451F-4404-B9AF-4DF6D01C154C}.Debug|Any CPU.ActiveCfg = Debug|Any CPU
		{6FCDFCA1-451F-4404-B9AF-4DF6D01C154C}.Debug|Any CPU.Build.0 = Debug|Any CPU
		{6FCDFCA1-451F-4404-B9AF-4DF6D01C154C}.Release|Any CPU.ActiveCfg = Release|Any CPU
		{6FCDFCA1-451F-4404-B9AF-4DF6D01C154C}.Release|Any CPU.Build.0 = Release|Any CPU
		{8D455AF4-6D57-4ABB-8351-2FB43CDC1857}.Debug|Any CPU.ActiveCfg = Debug|Any CPU
		{8D455AF4-6D57-4ABB-8351-2FB43CDC1857}.Debug|Any CPU.Build.0 = Debug|Any CPU
		{8D455AF4-6D57-4ABB-8351-2FB43CDC1857}.Release|Any CPU.ActiveCfg = Release|Any CPU
		{8D455AF4-6D57-4ABB-8351-2FB43CDC1857}.Release|Any CPU.Build.0 = Release|Any CPU
		{0BD4F57D-6102-435B-86EF-4838E307BA66}.Debug|Any CPU.ActiveCfg = Debug|Any CPU
		{0BD4F57D-6102-435B-86EF-4838E307BA66}.Debug|Any CPU.Build.0 = Debug|Any CPU
		{0BD4F57D-6102-435B-86EF-4838E307BA66}.Release|Any CPU.ActiveCfg = Release|Any CPU
		{0BD4F57D-6102-435B-86EF-4838E307BA66}.Release|Any CPU.Build.0 = Release|Any CPU
		{1DBE57DC-69DF-4814-B590-812BA7430A19}.Debug|Any CPU.ActiveCfg = Debug|Any CPU
		{1DBE57DC-69DF-4814-B590-812BA7430A19}.Debug|Any CPU.Build.0 = Debug|Any CPU
		{1DBE57DC-69DF-4814-B590-812BA7430A19}.Release|Any CPU.ActiveCfg = Release|Any CPU
		{1DBE57DC-69DF-4814-B590-812BA7430A19}.Release|Any CPU.Build.0 = Release|Any CPU
		{B5D05017-99E7-4166-A8B6-E2540F15ACB4}.Debug|Any CPU.ActiveCfg = Debug|Any CPU
		{B5D05017-99E7-4166-A8B6-E2540F15ACB4}.Debug|Any CPU.Build.0 = Debug|Any CPU
		{B5D05017-99E7-4166-A8B6-E2540F15ACB4}.Release|Any CPU.ActiveCfg = Release|Any CPU
		{B5D05017-99E7-4166-A8B6-E2540F15ACB4}.Release|Any CPU.Build.0 = Release|Any CPU
		{41A06895-B425-4628-8793-5DE2E46B9EEE}.Debug|Any CPU.ActiveCfg = Debug|Any CPU
		{41A06895-B425-4628-8793-5DE2E46B9EEE}.Debug|Any CPU.Build.0 = Debug|Any CPU
		{41A06895-B425-4628-8793-5DE2E46B9EEE}.Release|Any CPU.ActiveCfg = Release|Any CPU
		{41A06895-B425-4628-8793-5DE2E46B9EEE}.Release|Any CPU.Build.0 = Release|Any CPU
	EndGlobalSection
	GlobalSection(SolutionProperties) = preSolution
		HideSolutionNode = FALSE
	EndGlobalSection
	GlobalSection(NestedProjects) = preSolution
		{BA872832-B8C1-47F0-BC55-630216FF27ED} = {2472CFC6-A60D-4C8B-A8F6-89450D56093F}
		{775CBEF0-8909-47EC-8CAE-8FE00AD16E3A} = {2472CFC6-A60D-4C8B-A8F6-89450D56093F}
		{74DAF559-C44A-43B4-92A2-7E921B15A0CE} = {2472CFC6-A60D-4C8B-A8F6-89450D56093F}
		{87AA1234-0F4C-4AEE-95AE-42294E39B206} = {2472CFC6-A60D-4C8B-A8F6-89450D56093F}
		{CA495519-0848-4AED-AEB8-A8F8909832F0} = {2472CFC6-A60D-4C8B-A8F6-89450D56093F}
		{8CF02A33-4FEE-4589-B395-D39B84C64278} = {2472CFC6-A60D-4C8B-A8F6-89450D56093F}
		{9E4742FA-41D5-4520-B2BC-930BE8F641A4} = {10DD2B7B-9631-4A10-99E8-F8D8A6DAC2E7}
		{6FCDFCA1-451F-4404-B9AF-4DF6D01C154C} = {10DD2B7B-9631-4A10-99E8-F8D8A6DAC2E7}
		{8D455AF4-6D57-4ABB-8351-2FB43CDC1857} = {2472CFC6-A60D-4C8B-A8F6-89450D56093F}
		{0BD4F57D-6102-435B-86EF-4838E307BA66} = {10DD2B7B-9631-4A10-99E8-F8D8A6DAC2E7}
		{1DBE57DC-69DF-4814-B590-812BA7430A19} = {2472CFC6-A60D-4C8B-A8F6-89450D56093F}
		{B5D05017-99E7-4166-A8B6-E2540F15ACB4} = {2472CFC6-A60D-4C8B-A8F6-89450D56093F}
		{41A06895-B425-4628-8793-5DE2E46B9EEE} = {2472CFC6-A60D-4C8B-A8F6-89450D56093F}
	EndGlobalSection
	GlobalSection(ExtensibilityGlobals) = postSolution
		SolutionGuid = {8A90BBC0-C4E5-4F6B-AD12-B9B734877CF8}
	EndGlobalSection
EndGlobal
